
Microsoft Visual Studio Solution File, Format Version 12.00
# Visual Studio Version 17
VisualStudioVersion = 17.2.32616.157
MinimumVisualStudioVersion = 10.0.40219.1
Project("{FAE04EC0-301F-11D3-BF4B-00C04F79EFBC}") = "JMTControls", "JMTControls\JMTControls.csproj", "{F2127F73-480E-4841-944C-D1E9DB1EBC25}"
EndProject
Project("{FAE04EC0-301F-11D3-BF4B-00C04F79EFBC}") = "Test", "WindowsFormsApp2\Test.csproj", "{A20478DB-DE55-4A0E-A531-81A53E9107AD}"
EndProject
Global
	GlobalSection(SolutionConfigurationPlatforms) = preSolution
		Debug|Any CPU = Debug|Any CPU
		Debug|x64 = Debug|x64
		Release|Any CPU = Release|Any CPU
		Release|x64 = Release|x64
	EndGlobalSection
	GlobalSection(ProjectConfigurationPlatforms) = postSolution
		{F2127F73-480E-4841-944C-D1E9DB1EBC25}.Debug|Any CPU.ActiveCfg = Debug|Any CPU
		{F2127F73-480E-4841-944C-D1E9DB1EBC25}.Debug|Any CPU.Build.0 = Debug|Any CPU
		{F2127F73-480E-4841-944C-D1E9DB1EBC25}.Debug|x64.ActiveCfg = Debug|x64
		{F2127F73-480E-4841-944C-D1E9DB1EBC25}.Debug|x64.Build.0 = Debug|x64
		{F2127F73-480E-4841-944C-D1E9DB1EBC25}.Release|Any CPU.ActiveCfg = Release|Any CPU
		{F2127F73-480E-4841-944C-D1E9DB1EBC25}.Release|Any CPU.Build.0 = Release|Any CPU
		{F2127F73-480E-4841-944C-D1E9DB1EBC25}.Release|x64.ActiveCfg = Release|x64
		{F2127F73-480E-4841-944C-D1E9DB1EBC25}.Release|x64.Build.0 = Release|x64
		{A20478DB-DE55-4A0E-A531-81A53E9107AD}.Debug|Any CPU.ActiveCfg = Debug|Any CPU
		{A20478DB-DE55-4A0E-A531-81A53E9107AD}.Debug|Any CPU.Build.0 = Debug|Any CPU
		{A20478DB-DE55-4A0E-A531-81A53E9107AD}.Debug|x64.ActiveCfg = Debug|Any CPU
		{A20478DB-DE55-4A0E-A531-81A53E9107AD}.Debug|x64.Build.0 = Debug|Any CPU
		{A20478DB-DE55-4A0E-A531-81A53E9107AD}.Release|Any CPU.ActiveCfg = Release|Any CPU
		{A20478DB-DE55-4A0E-A531-81A53E9107AD}.Release|Any CPU.Build.0 = Release|Any CPU
		{A20478DB-DE55-4A0E-A531-81A53E9107AD}.Release|x64.ActiveCfg = Release|Any CPU
		{A20478DB-DE55-4A0E-A531-81A53E9107AD}.Release|x64.Build.0 = Release|Any CPU
	EndGlobalSection
	GlobalSection(SolutionProperties) = preSolution
		HideSolutionNode = FALSE
	EndGlobalSection
	GlobalSection(ExtensibilityGlobals) = postSolution
		SolutionGuid = {545CEDD6-E66F-4050-B92B-17D475AFE1F5}
	EndGlobalSection
EndGlobal
